// !$*UTF8*$!
{
	archiveVersion = 1;
	classes = {
	};
	objectVersion = 50;
	objects = {

/* Begin PBXBuildFile section */
		26276F97220C3F58009DF80F /* Assets.xcassets in Resources */ = {isa = PBXBuildFile; fileRef = 26276F96220C3F58009DF80F /* Assets.xcassets */; };
		26276F9A220C40A3009DF80F /* InviteUsersScreen.swift in Sources */ = {isa = PBXBuildFile; fileRef = 26276F99220C40A3009DF80F /* InviteUsersScreen.swift */; };
		26276F9C220C4906009DF80F /* HideKeyboard.swift in Sources */ = {isa = PBXBuildFile; fileRef = 26276F9B220C4906009DF80F /* HideKeyboard.swift */; };
		26C87343220ADB84003BCA67 /* AppDelegate.swift in Sources */ = {isa = PBXBuildFile; fileRef = 26C87342220ADB84003BCA67 /* AppDelegate.swift */; };
		26C87345220ADB84003BCA67 /* HomeScreen.swift in Sources */ = {isa = PBXBuildFile; fileRef = 26C87344220ADB84003BCA67 /* HomeScreen.swift */; };
		26C87348220ADB84003BCA67 /* Main.storyboard in Resources */ = {isa = PBXBuildFile; fileRef = 26C87346220ADB84003BCA67 /* Main.storyboard */; };
		26C8734D220ADB86003BCA67 /* LaunchScreen.storyboard in Resources */ = {isa = PBXBuildFile; fileRef = 26C8734B220ADB86003BCA67 /* LaunchScreen.storyboard */; };
		26C8735A220AE669003BCA67 /* CustomTabBarController.swift in Sources */ = {isa = PBXBuildFile; fileRef = 26C87359220AE669003BCA67 /* CustomTabBarController.swift */; };
		26C8735D220AEF0D003BCA67 /* BaseTableViewCell.swift in Sources */ = {isa = PBXBuildFile; fileRef = 26C8735C220AEF0D003BCA67 /* BaseTableViewCell.swift */; };
		26C8735F220AEF4C003BCA67 /* HomeScreenCell.swift in Sources */ = {isa = PBXBuildFile; fileRef = 26C8735E220AEF4C003BCA67 /* HomeScreenCell.swift */; };
		26C87362220AEFB9003BCA67 /* PartiesDummyData.swift in Sources */ = {isa = PBXBuildFile; fileRef = 26C87361220AEFB9003BCA67 /* PartiesDummyData.swift */; };
		26C87364220AFE50003BCA67 /* UIViewLayoutExt.swift in Sources */ = {isa = PBXBuildFile; fileRef = 26C87363220AFE50003BCA67 /* UIViewLayoutExt.swift */; };
		26C87367220B0CE2003BCA67 /* MembersScreen.swift in Sources */ = {isa = PBXBuildFile; fileRef = 26C87366220B0CE2003BCA67 /* MembersScreen.swift */; };
		26C87369220B0E04003BCA67 /* MembersScreenCell.swift in Sources */ = {isa = PBXBuildFile; fileRef = 26C87368220B0E04003BCA67 /* MembersScreenCell.swift */; };
		26C8736B220B0F31003BCA67 /* RoundImageExt.swift in Sources */ = {isa = PBXBuildFile; fileRef = 26C8736A220B0F31003BCA67 /* RoundImageExt.swift */; };
		26C8736D220B1752003BCA67 /* FetchGenericData.swift in Sources */ = {isa = PBXBuildFile; fileRef = 26C8736C220B1752003BCA67 /* FetchGenericData.swift */; };
		26C8736F220B1772003BCA67 /* UserDataModel.swift in Sources */ = {isa = PBXBuildFile; fileRef = 26C8736E220B1772003BCA67 /* UserDataModel.swift */; };
		26C87371220B1BFF003BCA67 /* LoadImageFromURL.swift in Sources */ = {isa = PBXBuildFile; fileRef = 26C87370220B1BFF003BCA67 /* LoadImageFromURL.swift */; };
		26C87373220B1D29003BCA67 /* ProfileScreen.swift in Sources */ = {isa = PBXBuildFile; fileRef = 26C87372220B1D29003BCA67 /* ProfileScreen.swift */; };
		26C87375220B3B2D003BCA67 /* UIColorExt.swift in Sources */ = {isa = PBXBuildFile; fileRef = 26C87374220B3B2D003BCA67 /* UIColorExt.swift */; };
		26C87377220B3D88003BCA67 /* StringMakeCall.swift in Sources */ = {isa = PBXBuildFile; fileRef = 26C87376220B3D88003BCA67 /* StringMakeCall.swift */; };
		26C87379220B4848003BCA67 /* Default-568h@2x.png in Resources */ = {isa = PBXBuildFile; fileRef = 26C87378220B4848003BCA67 /* Default-568h@2x.png */; };
		26C8737C220B48BC003BCA67 /* AddUserToPartyScreen.swift in Sources */ = {isa = PBXBuildFile; fileRef = 26C8737B220B48BC003BCA67 /* AddUserToPartyScreen.swift */; };
		26C87380220B56AB003BCA67 /* CreateNewPartyScreen.swift in Sources */ = {isa = PBXBuildFile; fileRef = 26C8737F220B56AB003BCA67 /* CreateNewPartyScreen.swift */; };
/* End PBXBuildFile section */

/* Begin PBXFileReference section */
		26276F96220C3F58009DF80F /* Assets.xcassets */ = {isa = PBXFileReference; lastKnownFileType = folder.assetcatalog; path = Assets.xcassets; sourceTree = "<group>"; };
		26276F99220C40A3009DF80F /* InviteUsersScreen.swift */ = {isa = PBXFileReference; lastKnownFileType = sourcecode.swift; path = InviteUsersScreen.swift; sourceTree = "<group>"; };
		26276F9B220C4906009DF80F /* HideKeyboard.swift */ = {isa = PBXFileReference; lastKnownFileType = sourcecode.swift; path = HideKeyboard.swift; sourceTree = "<group>"; };
		26C8733F220ADB84003BCA67 /* Party Organizer.app */ = {isa = PBXFileReference; explicitFileType = wrapper.application; includeInIndex = 0; path = "Party Organizer.app"; sourceTree = BUILT_PRODUCTS_DIR; };
		26C87342220ADB84003BCA67 /* AppDelegate.swift */ = {isa = PBXFileReference; lastKnownFileType = sourcecode.swift; path = AppDelegate.swift; sourceTree = "<group>"; };
		26C87344220ADB84003BCA67 /* HomeScreen.swift */ = {isa = PBXFileReference; lastKnownFileType = sourcecode.swift; path = HomeScreen.swift; sourceTree = "<group>"; };
		26C87347220ADB84003BCA67 /* Base */ = {isa = PBXFileReference; lastKnownFileType = file.storyboard; name = Base; path = Base.lproj/Main.storyboard; sourceTree = "<group>"; };
		26C8734C220ADB86003BCA67 /* Base */ = {isa = PBXFileReference; lastKnownFileType = file.storyboard; name = Base; path = Base.lproj/LaunchScreen.storyboard; sourceTree = "<group>"; };
		26C8734E220ADB86003BCA67 /* Info.plist */ = {isa = PBXFileReference; lastKnownFileType = text.plist.xml; path = Info.plist; sourceTree = "<group>"; };
		26C87359220AE669003BCA67 /* CustomTabBarController.swift */ = {isa = PBXFileReference; lastKnownFileType = sourcecode.swift; path = CustomTabBarController.swift; sourceTree = "<group>"; };
		26C8735C220AEF0D003BCA67 /* BaseTableViewCell.swift */ = {isa = PBXFileReference; lastKnownFileType = sourcecode.swift; path = BaseTableViewCell.swift; sourceTree = "<group>"; };
		26C8735E220AEF4C003BCA67 /* HomeScreenCell.swift */ = {isa = PBXFileReference; lastKnownFileType = sourcecode.swift; path = HomeScreenCell.swift; sourceTree = "<group>"; };
		26C87361220AEFB9003BCA67 /* PartiesDummyData.swift */ = {isa = PBXFileReference; lastKnownFileType = sourcecode.swift; path = PartiesDummyData.swift; sourceTree = "<group>"; };
		26C87363220AFE50003BCA67 /* UIViewLayoutExt.swift */ = {isa = PBXFileReference; lastKnownFileType = sourcecode.swift; path = UIViewLayoutExt.swift; sourceTree = "<group>"; };
		26C87366220B0CE2003BCA67 /* MembersScreen.swift */ = {isa = PBXFileReference; lastKnownFileType = sourcecode.swift; path = MembersScreen.swift; sourceTree = "<group>"; };
		26C87368220B0E04003BCA67 /* MembersScreenCell.swift */ = {isa = PBXFileReference; lastKnownFileType = sourcecode.swift; path = MembersScreenCell.swift; sourceTree = "<group>"; };
		26C8736A220B0F31003BCA67 /* RoundImageExt.swift */ = {isa = PBXFileReference; lastKnownFileType = sourcecode.swift; path = RoundImageExt.swift; sourceTree = "<group>"; };
		26C8736C220B1752003BCA67 /* FetchGenericData.swift */ = {isa = PBXFileReference; lastKnownFileType = sourcecode.swift; path = FetchGenericData.swift; sourceTree = "<group>"; };
		26C8736E220B1772003BCA67 /* UserDataModel.swift */ = {isa = PBXFileReference; lastKnownFileType = sourcecode.swift; path = UserDataModel.swift; sourceTree = "<group>"; };
		26C87370220B1BFF003BCA67 /* LoadImageFromURL.swift */ = {isa = PBXFileReference; lastKnownFileType = sourcecode.swift; path = LoadImageFromURL.swift; sourceTree = "<group>"; };
		26C87372220B1D29003BCA67 /* ProfileScreen.swift */ = {isa = PBXFileReference; lastKnownFileType = sourcecode.swift; path = ProfileScreen.swift; sourceTree = "<group>"; };
		26C87374220B3B2D003BCA67 /* UIColorExt.swift */ = {isa = PBXFileReference; lastKnownFileType = sourcecode.swift; path = UIColorExt.swift; sourceTree = "<group>"; };
		26C87376220B3D88003BCA67 /* StringMakeCall.swift */ = {isa = PBXFileReference; lastKnownFileType = sourcecode.swift; path = StringMakeCall.swift; sourceTree = "<group>"; };
		26C87378220B4848003BCA67 /* Default-568h@2x.png */ = {isa = PBXFileReference; lastKnownFileType = image.png; path = "Default-568h@2x.png"; sourceTree = "<group>"; };
		26C8737B220B48BC003BCA67 /* AddUserToPartyScreen.swift */ = {isa = PBXFileReference; lastKnownFileType = sourcecode.swift; path = AddUserToPartyScreen.swift; sourceTree = "<group>"; };
		26C8737F220B56AB003BCA67 /* CreateNewPartyScreen.swift */ = {isa = PBXFileReference; lastKnownFileType = sourcecode.swift; path = CreateNewPartyScreen.swift; sourceTree = "<group>"; };
/* End PBXFileReference section */

/* Begin PBXFrameworksBuildPhase section */
		26C8733C220ADB84003BCA67 /* Frameworks */ = {
			isa = PBXFrameworksBuildPhase;
			buildActionMask = 2147483647;
			files = (
			);
			runOnlyForDeploymentPostprocessing = 0;
		};
/* End PBXFrameworksBuildPhase section */

/* Begin PBXGroup section */
		26276F98220C4016009DF80F /* CreateNewPartyScreens */ = {
			isa = PBXGroup;
			children = (
				26C8737F220B56AB003BCA67 /* CreateNewPartyScreen.swift */,
				26276F99220C40A3009DF80F /* InviteUsersScreen.swift */,
			);
			path = CreateNewPartyScreens;
			sourceTree = "<group>";
		};
		26C87336220ADB84003BCA67 = {
			isa = PBXGroup;
			children = (
				26C87378220B4848003BCA67 /* Default-568h@2x.png */,
				26C87341220ADB84003BCA67 /* Party Organizer */,
				26C87340220ADB84003BCA67 /* Products */,
			);
			sourceTree = "<group>";
		};
		26C87340220ADB84003BCA67 /* Products */ = {
			isa = PBXGroup;
			children = (
				26C8733F220ADB84003BCA67 /* Party Organizer.app */,
			);
			name = Products;
			sourceTree = "<group>";
		};
		26C87341220ADB84003BCA67 /* Party Organizer */ = {
			isa = PBXGroup;
			children = (
				26C87355220AE02E003BCA67 /* Extensions */,
				26C87360220AEF96003BCA67 /* DummyData */,
				26C8735B220AEEEE003BCA67 /* BaseCells */,
				26C87357220AE03F003BCA67 /* Models */,
				26C87356220AE036003BCA67 /* Networking */,
				26C87354220AE023003BCA67 /* Controllers */,
				26C87342220ADB84003BCA67 /* AppDelegate.swift */,
				26C87346220ADB84003BCA67 /* Main.storyboard */,
				26C8734B220ADB86003BCA67 /* LaunchScreen.storyboard */,
				26C8734E220ADB86003BCA67 /* Info.plist */,
				26276F96220C3F58009DF80F /* Assets.xcassets */,
			);
			path = "Party Organizer";
			sourceTree = "<group>";
		};
		26C87354220AE023003BCA67 /* Controllers */ = {
			isa = PBXGroup;
			children = (
				26276F98220C4016009DF80F /* CreateNewPartyScreens */,
				26C87358220AE08B003BCA67 /* HomeScreen */,
				26C8737A220B4881003BCA67 /* UserScreens */,
				26C87365220B0CB9003BCA67 /* MembersScreen */,
				26C87359220AE669003BCA67 /* CustomTabBarController.swift */,
			);
			path = Controllers;
			sourceTree = "<group>";
		};
		26C87355220AE02E003BCA67 /* Extensions */ = {
			isa = PBXGroup;
			children = (
				26C87363220AFE50003BCA67 /* UIViewLayoutExt.swift */,
				26C8736A220B0F31003BCA67 /* RoundImageExt.swift */,
				26C87370220B1BFF003BCA67 /* LoadImageFromURL.swift */,
				26C87374220B3B2D003BCA67 /* UIColorExt.swift */,
				26C87376220B3D88003BCA67 /* StringMakeCall.swift */,
				26276F9B220C4906009DF80F /* HideKeyboard.swift */,
			);
			path = Extensions;
			sourceTree = "<group>";
		};
		26C87356220AE036003BCA67 /* Networking */ = {
			isa = PBXGroup;
			children = (
				26C8736C220B1752003BCA67 /* FetchGenericData.swift */,
			);
			path = Networking;
			sourceTree = "<group>";
		};
		26C87357220AE03F003BCA67 /* Models */ = {
			isa = PBXGroup;
			children = (
				26C8736E220B1772003BCA67 /* UserDataModel.swift */,
			);
			path = Models;
			sourceTree = "<group>";
		};
		26C87358220AE08B003BCA67 /* HomeScreen */ = {
			isa = PBXGroup;
			children = (
				26C87344220ADB84003BCA67 /* HomeScreen.swift */,
				26C8735E220AEF4C003BCA67 /* HomeScreenCell.swift */,
			);
			path = HomeScreen;
			sourceTree = "<group>";
		};
		26C8735B220AEEEE003BCA67 /* BaseCells */ = {
			isa = PBXGroup;
			children = (
				26C8735C220AEF0D003BCA67 /* BaseTableViewCell.swift */,
			);
			path = BaseCells;
			sourceTree = "<group>";
		};
		26C87360220AEF96003BCA67 /* DummyData */ = {
			isa = PBXGroup;
			children = (
				26C87361220AEFB9003BCA67 /* PartiesDummyData.swift */,
			);
			path = DummyData;
			sourceTree = "<group>";
		};
		26C87365220B0CB9003BCA67 /* MembersScreen */ = {
			isa = PBXGroup;
			children = (
				26C87366220B0CE2003BCA67 /* MembersScreen.swift */,
				26C87368220B0E04003BCA67 /* MembersScreenCell.swift */,
			);
			path = MembersScreen;
			sourceTree = "<group>";
		};
		26C8737A220B4881003BCA67 /* UserScreens */ = {
			isa = PBXGroup;
			children = (
				26C87372220B1D29003BCA67 /* ProfileScreen.swift */,
				26C8737B220B48BC003BCA67 /* AddUserToPartyScreen.swift */,
			);
			path = UserScreens;
			sourceTree = "<group>";
		};
/* End PBXGroup section */

/* Begin PBXNativeTarget section */
		26C8733E220ADB84003BCA67 /* Party Organizer */ = {
			isa = PBXNativeTarget;
			buildConfigurationList = 26C87351220ADB86003BCA67 /* Build configuration list for PBXNativeTarget "Party Organizer" */;
			buildPhases = (
				26C8733B220ADB84003BCA67 /* Sources */,
				26C8733C220ADB84003BCA67 /* Frameworks */,
				26C8733D220ADB84003BCA67 /* Resources */,
			);
			buildRules = (
			);
			dependencies = (
			);
			name = "Party Organizer";
			productName = "Party Organizer";
			productReference = 26C8733F220ADB84003BCA67 /* Party Organizer.app */;
			productType = "com.apple.product-type.application";
		};
/* End PBXNativeTarget section */

/* Begin PBXProject section */
		26C87337220ADB84003BCA67 /* Project object */ = {
			isa = PBXProject;
			attributes = {
				LastSwiftUpdateCheck = 1010;
				LastUpgradeCheck = 1010;
				ORGANIZATIONNAME = "Uros Smiljanic";
				TargetAttributes = {
					26C8733E220ADB84003BCA67 = {
						CreatedOnToolsVersion = 10.1;
					};
				};
			};
			buildConfigurationList = 26C8733A220ADB84003BCA67 /* Build configuration list for PBXProject "Party Organizer" */;
			compatibilityVersion = "Xcode 9.3";
			developmentRegion = en;
			hasScannedForEncodings = 0;
			knownRegions = (
				en,
				Base,
			);
			mainGroup = 26C87336220ADB84003BCA67;
			productRefGroup = 26C87340220ADB84003BCA67 /* Products */;
			projectDirPath = "";
			projectRoot = "";
			targets = (
				26C8733E220ADB84003BCA67 /* Party Organizer */,
			);
		};
/* End PBXProject section */

/* Begin PBXResourcesBuildPhase section */
		26C8733D220ADB84003BCA67 /* Resources */ = {
			isa = PBXResourcesBuildPhase;
			buildActionMask = 2147483647;
			files = (
				26C8734D220ADB86003BCA67 /* LaunchScreen.storyboard in Resources */,
				26C87379220B4848003BCA67 /* Default-568h@2x.png in Resources */,
				26276F97220C3F58009DF80F /* Assets.xcassets in Resources */,
				26C87348220ADB84003BCA67 /* Main.storyboard in Resources */,
			);
			runOnlyForDeploymentPostprocessing = 0;
		};
/* End PBXResourcesBuildPhase section */

/* Begin PBXSourcesBuildPhase section */
		26C8733B220ADB84003BCA67 /* Sources */ = {
			isa = PBXSourcesBuildPhase;
			buildActionMask = 2147483647;
			files = (
				26276F9C220C4906009DF80F /* HideKeyboard.swift in Sources */,
				26276F9A220C40A3009DF80F /* InviteUsersScreen.swift in Sources */,
				26C87377220B3D88003BCA67 /* StringMakeCall.swift in Sources */,
				26C8736F220B1772003BCA67 /* UserDataModel.swift in Sources */,
				26C87373220B1D29003BCA67 /* ProfileScreen.swift in Sources */,
				26C8735D220AEF0D003BCA67 /* BaseTableViewCell.swift in Sources */,
				26C8737C220B48BC003BCA67 /* AddUserToPartyScreen.swift in Sources */,
				26C87367220B0CE2003BCA67 /* MembersScreen.swift in Sources */,
				26C87364220AFE50003BCA67 /* UIViewLayoutExt.swift in Sources */,
				26C87345220ADB84003BCA67 /* HomeScreen.swift in Sources */,
				26C8736D220B1752003BCA67 /* FetchGenericData.swift in Sources */,
				26C87380220B56AB003BCA67 /* CreateNewPartyScreen.swift in Sources */,
				26C87371220B1BFF003BCA67 /* LoadImageFromURL.swift in Sources */,
				26C87343220ADB84003BCA67 /* AppDelegate.swift in Sources */,
				26C8735A220AE669003BCA67 /* CustomTabBarController.swift in Sources */,
				26C87369220B0E04003BCA67 /* MembersScreenCell.swift in Sources */,
				26C8735F220AEF4C003BCA67 /* HomeScreenCell.swift in Sources */,
				26C8736B220B0F31003BCA67 /* RoundImageExt.swift in Sources */,
				26C87375220B3B2D003BCA67 /* UIColorExt.swift in Sources */,
				26C87362220AEFB9003BCA67 /* PartiesDummyData.swift in Sources */,
			);
			runOnlyForDeploymentPostprocessing = 0;
		};
/* End PBXSourcesBuildPhase section */

/* Begin PBXVariantGroup section */
		26C87346220ADB84003BCA67 /* Main.storyboard */ = {
			isa = PBXVariantGroup;
			children = (
				26C87347220ADB84003BCA67 /* Base */,
			);
			name = Main.storyboard;
			sourceTree = "<group>";
		};
		26C8734B220ADB86003BCA67 /* LaunchScreen.storyboard */ = {
			isa = PBXVariantGroup;
			children = (
				26C8734C220ADB86003BCA67 /* Base */,
			);
			name = LaunchScreen.storyboard;
			sourceTree = "<group>";
		};
/* End PBXVariantGroup section */

/* Begin XCBuildConfiguration section */
		26C8734F220ADB86003BCA67 /* Debug */ = {
			isa = XCBuildConfiguration;
			buildSettings = {
				ALWAYS_SEARCH_USER_PATHS = NO;
				CLANG_ANALYZER_NONNULL = YES;
				CLANG_ANALYZER_NUMBER_OBJECT_CONVERSION = YES_AGGRESSIVE;
				CLANG_CXX_LANGUAGE_STANDARD = "gnu++14";
				CLANG_CXX_LIBRARY = "libc++";
				CLANG_ENABLE_MODULES = YES;
				CLANG_ENABLE_OBJC_ARC = YES;
				CLANG_ENABLE_OBJC_WEAK = YES;
				CLANG_WARN_BLOCK_CAPTURE_AUTORELEASING = YES;
				CLANG_WARN_BOOL_CONVERSION = YES;
				CLANG_WARN_COMMA = YES;
				CLANG_WARN_CONSTANT_CONVERSION = YES;
				CLANG_WARN_DEPRECATED_OBJC_IMPLEMENTATIONS = YES;
				CLANG_WARN_DIRECT_OBJC_ISA_USAGE = YES_ERROR;
				CLANG_WARN_DOCUMENTATION_COMMENTS = YES;
				CLANG_WARN_EMPTY_BODY = YES;
				CLANG_WARN_ENUM_CONVERSION = YES;
				CLANG_WARN_INFINITE_RECURSION = YES;
				CLANG_WARN_INT_CONVERSION = YES;
				CLANG_WARN_NON_LITERAL_NULL_CONVERSION = YES;
				CLANG_WARN_OBJC_IMPLICIT_RETAIN_SELF = YES;
				CLANG_WARN_OBJC_LITERAL_CONVERSION = YES;
				CLANG_WARN_OBJC_ROOT_CLASS = YES_ERROR;
				CLANG_WARN_RANGE_LOOP_ANALYSIS = YES;
				CLANG_WARN_STRICT_PROTOTYPES = YES;
				CLANG_WARN_SUSPICIOUS_MOVE = YES;
				CLANG_WARN_UNGUARDED_AVAILABILITY = YES_AGGRESSIVE;
				CLANG_WARN_UNREACHABLE_CODE = YES;
				CLANG_WARN__DUPLICATE_METHOD_MATCH = YES;
				CODE_SIGN_IDENTITY = "iPhone Developer";
				COPY_PHASE_STRIP = NO;
				DEBUG_INFORMATION_FORMAT = dwarf;
				ENABLE_STRICT_OBJC_MSGSEND = YES;
				ENABLE_TESTABILITY = YES;
				GCC_C_LANGUAGE_STANDARD = gnu11;
				GCC_DYNAMIC_NO_PIC = NO;
				GCC_NO_COMMON_BLOCKS = YES;
				GCC_OPTIMIZATION_LEVEL = 0;
				GCC_PREPROCESSOR_DEFINITIONS = (
					"DEBUG=1",
					"$(inherited)",
				);
				GCC_WARN_64_TO_32_BIT_CONVERSION = YES;
				GCC_WARN_ABOUT_RETURN_TYPE = YES_ERROR;
				GCC_WARN_UNDECLARED_SELECTOR = YES;
				GCC_WARN_UNINITIALIZED_AUTOS = YES_AGGRESSIVE;
				GCC_WARN_UNUSED_FUNCTION = YES;
				GCC_WARN_UNUSED_VARIABLE = YES;
				IPHONEOS_DEPLOYMENT_TARGET = 12.1;
				MTL_ENABLE_DEBUG_INFO = INCLUDE_SOURCE;
				MTL_FAST_MATH = YES;
				ONLY_ACTIVE_ARCH = YES;
				SDKROOT = iphoneos;
				SWIFT_ACTIVE_COMPILATION_CONDITIONS = DEBUG;
				SWIFT_OPTIMIZATION_LEVEL = "-Onone";
			};
			name = Debug;
		};
		26C87350220ADB86003BCA67 /* Release */ = {
			isa = XCBuildConfiguration;
			buildSettings = {
				ALWAYS_SEARCH_USER_PATHS = NO;
				CLANG_ANALYZER_NONNULL = YES;
				CLANG_ANALYZER_NUMBER_OBJECT_CONVERSION = YES_AGGRESSIVE;
				CLANG_CXX_LANGUAGE_STANDARD = "gnu++14";
				CLANG_CXX_LIBRARY = "libc++";
				CLANG_ENABLE_MODULES = YES;
				CLANG_ENABLE_OBJC_ARC = YES;
				CLANG_ENABLE_OBJC_WEAK = YES;
				CLANG_WARN_BLOCK_CAPTURE_AUTORELEASING = YES;
				CLANG_WARN_BOOL_CONVERSION = YES;
				CLANG_WARN_COMMA = YES;
				CLANG_WARN_CONSTANT_CONVERSION = YES;
				CLANG_WARN_DEPRECATED_OBJC_IMPLEMENTATIONS = YES;
				CLANG_WARN_DIRECT_OBJC_ISA_USAGE = YES_ERROR;
				CLANG_WARN_DOCUMENTATION_COMMENTS = YES;
				CLANG_WARN_EMPTY_BODY = YES;
				CLANG_WARN_ENUM_CONVERSION = YES;
				CLANG_WARN_INFINITE_RECURSION = YES;
				CLANG_WARN_INT_CONVERSION = YES;
				CLANG_WARN_NON_LITERAL_NULL_CONVERSION = YES;
				CLANG_WARN_OBJC_IMPLICIT_RETAIN_SELF = YES;
				CLANG_WARN_OBJC_LITERAL_CONVERSION = YES;
				CLANG_WARN_OBJC_ROOT_CLASS = YES_ERROR;
				CLANG_WARN_RANGE_LOOP_ANALYSIS = YES;
				CLANG_WARN_STRICT_PROTOTYPES = YES;
				CLANG_WARN_SUSPICIOUS_MOVE = YES;
				CLANG_WARN_UNGUARDED_AVAILABILITY = YES_AGGRESSIVE;
				CLANG_WARN_UNREACHABLE_CODE = YES;
				CLANG_WARN__DUPLICATE_METHOD_MATCH = YES;
				CODE_SIGN_IDENTITY = "iPhone Developer";
				COPY_PHASE_STRIP = NO;
				DEBUG_INFORMATION_FORMAT = "dwarf-with-dsym";
				ENABLE_NS_ASSERTIONS = NO;
				ENABLE_STRICT_OBJC_MSGSEND = YES;
				GCC_C_LANGUAGE_STANDARD = gnu11;
				GCC_NO_COMMON_BLOCKS = YES;
				GCC_WARN_64_TO_32_BIT_CONVERSION = YES;
				GCC_WARN_ABOUT_RETURN_TYPE = YES_ERROR;
				GCC_WARN_UNDECLARED_SELECTOR = YES;
				GCC_WARN_UNINITIALIZED_AUTOS = YES_AGGRESSIVE;
				GCC_WARN_UNUSED_FUNCTION = YES;
				GCC_WARN_UNUSED_VARIABLE = YES;
				IPHONEOS_DEPLOYMENT_TARGET = 12.1;
				MTL_ENABLE_DEBUG_INFO = NO;
				MTL_FAST_MATH = YES;
				SDKROOT = iphoneos;
				SWIFT_COMPILATION_MODE = wholemodule;
				SWIFT_OPTIMIZATION_LEVEL = "-O";
				VALIDATE_PRODUCT = YES;
			};
			name = Release;
		};
		26C87352220ADB86003BCA67 /* Debug */ = {
			isa = XCBuildConfiguration;
			buildSettings = {
				ASSETCATALOG_COMPILER_APPICON_NAME = AppIcon;
				CODE_SIGN_STYLE = Automatic;
				DEVELOPMENT_TEAM = BJJP49EJ6U;
				INFOPLIST_FILE = "Party Organizer/Info.plist";
				LD_RUNPATH_SEARCH_PATHS = (
					"$(inherited)",
					"@executable_path/Frameworks",
				);
				PRODUCT_BUNDLE_IDENTIFIER = "PanaceaTech.Party-Organizer";
				PRODUCT_NAME = "$(TARGET_NAME)";
				SWIFT_VERSION = 4.2;
				TARGETED_DEVICE_FAMILY = "1,2";
			};
			name = Debug;
		};
		26C87353220ADB86003BCA67 /* Release */ = {
			isa = XCBuildConfiguration;
			buildSettings = {
				ASSETCATALOG_COMPILER_APPICON_NAME = AppIcon;
				CODE_SIGN_STYLE = Automatic;
				DEVELOPMENT_TEAM = BJJP49EJ6U;
				INFOPLIST_FILE = "Party Organizer/Info.plist";
				LD_RUNPATH_SEARCH_PATHS = (
					"$(inherited)",
					"@executable_path/Frameworks",
				);
				PRODUCT_BUNDLE_IDENTIFIER = "PanaceaTech.Party-Organizer";
				PRODUCT_NAME = "$(TARGET_NAME)";
				SWIFT_VERSION = 4.2;
				TARGETED_DEVICE_FAMILY = "1,2";
			};
			name = Release;
		};
/* End XCBuildConfiguration section */

/* Begin XCConfigurationList section */
		26C8733A220ADB84003BCA67 /* Build configuration list for PBXProject "Party Organizer" */ = {
			isa = XCConfigurationList;
			buildConfigurations = (
				26C8734F220ADB86003BCA67 /* Debug */,
				26C87350220ADB86003BCA67 /* Release */,
			);
			defaultConfigurationIsVisible = 0;
			defaultConfigurationName = Release;
		};
		26C87351220ADB86003BCA67 /* Build configuration list for PBXNativeTarget "Party Organizer" */ = {
			isa = XCConfigurationList;
			buildConfigurations = (
				26C87352220ADB86003BCA67 /* Debug */,
				26C87353220ADB86003BCA67 /* Release */,
			);
			defaultConfigurationIsVisible = 0;
			defaultConfigurationName = Release;
		};
/* End XCConfigurationList section */
	};
	rootObject = 26C87337220ADB84003BCA67 /* Project object */;
}
